// !$*UTF8*$!
{
	archiveVersion = 1;
	classes = {
	};
	objectVersion = 46;
	objects = {

/* Begin PBXBuildFile section */
		9F7A6A371A70D4C200274BF4 /* Foundation.framework in Frameworks */ = {isa = PBXBuildFile; fileRef = 9F7A6A361A70D4C200274BF4 /* Foundation.framework */; };
		9F7A6A391A70D4C200274BF4 /* CoreGraphics.framework in Frameworks */ = {isa = PBXBuildFile; fileRef = 9F7A6A381A70D4C200274BF4 /* CoreGraphics.framework */; };
		9F7A6A3B1A70D4C200274BF4 /* UIKit.framework in Frameworks */ = {isa = PBXBuildFile; fileRef = 9F7A6A3A1A70D4C200274BF4 /* UIKit.framework */; };
		9F7A6A411A70D4C200274BF4 /* InfoPlist.strings in Resources */ = {isa = PBXBuildFile; fileRef = 9F7A6A3F1A70D4C200274BF4 /* InfoPlist.strings */; };
		9F7A6A431A70D4C200274BF4 /* main.m in Sources */ = {isa = PBXBuildFile; fileRef = 9F7A6A421A70D4C200274BF4 /* main.m */; };
		9F7A6A471A70D4C200274BF4 /* AppDelegate.m in Sources */ = {isa = PBXBuildFile; fileRef = 9F7A6A461A70D4C200274BF4 /* AppDelegate.m */; };
		9F7A6A491A70D4C200274BF4 /* Images.xcassets in Resources */ = {isa = PBXBuildFile; fileRef = 9F7A6A481A70D4C200274BF4 /* Images.xcassets */; };
		9F7A6A501A70D4C200274BF4 /* XCTest.framework in Frameworks */ = {isa = PBXBuildFile; fileRef = 9F7A6A4F1A70D4C200274BF4 /* XCTest.framework */; };
		9F7A6A511A70D4C200274BF4 /* Foundation.framework in Frameworks */ = {isa = PBXBuildFile; fileRef = 9F7A6A361A70D4C200274BF4 /* Foundation.framework */; };
		9F7A6A521A70D4C200274BF4 /* UIKit.framework in Frameworks */ = {isa = PBXBuildFile; fileRef = 9F7A6A3A1A70D4C200274BF4 /* UIKit.framework */; };
		9F7A6A5A1A70D4C200274BF4 /* InfoPlist.strings in Resources */ = {isa = PBXBuildFile; fileRef = 9F7A6A581A70D4C200274BF4 /* InfoPlist.strings */; };
		9F7A6A5C1A70D4C200274BF4 /* DeanFundSystemTests.m in Sources */ = {isa = PBXBuildFile; fileRef = 9F7A6A5B1A70D4C200274BF4 /* DeanFundSystemTests.m */; };
/* End PBXBuildFile section */

/* Begin PBXContainerItemProxy section */
		9F7A6A531A70D4C200274BF4 /* PBXContainerItemProxy */ = {
			isa = PBXContainerItemProxy;
			containerPortal = 9F7A6A2B1A70D4C200274BF4 /* Project object */;
			proxyType = 1;
			remoteGlobalIDString = 9F7A6A321A70D4C200274BF4;
			remoteInfo = DeanFundSystem;
		};
/* End PBXContainerItemProxy section */

/* Begin PBXFileReference section */
		9F7A6A331A70D4C200274BF4 /* DeanFundSystem.app */ = {isa = PBXFileReference; explicitFileType = wrapper.application; includeInIndex = 0; path = DeanFundSystem.app; sourceTree = BUILT_PRODUCTS_DIR; };
		9F7A6A361A70D4C200274BF4 /* Foundation.framework */ = {isa = PBXFileReference; lastKnownFileType = wrapper.framework; name = Foundation.framework; path = System/Library/Frameworks/Foundation.framework; sourceTree = SDKROOT; };
		9F7A6A381A70D4C200274BF4 /* CoreGraphics.framework */ = {isa = PBXFileReference; lastKnownFileType = wrapper.framework; name = CoreGraphics.framework; path = System/Library/Frameworks/CoreGraphics.framework; sourceTree = SDKROOT; };
		9F7A6A3A1A70D4C200274BF4 /* UIKit.framework */ = {isa = PBXFileReference; lastKnownFileType = wrapper.framework; name = UIKit.framework; path = System/Library/Frameworks/UIKit.framework; sourceTree = SDKROOT; };
		9F7A6A3E1A70D4C200274BF4 /* DeanFundSystem-Info.plist */ = {isa = PBXFileReference; lastKnownFileType = text.plist.xml; path = "DeanFundSystem-Info.plist"; sourceTree = "<group>"; };
		9F7A6A401A70D4C200274BF4 /* en */ = {isa = PBXFileReference; lastKnownFileType = text.plist.strings; name = en; path = en.lproj/InfoPlist.strings; sourceTree = "<group>"; };
		9F7A6A421A70D4C200274BF4 /* main.m */ = {isa = PBXFileReference; lastKnownFileType = sourcecode.c.objc; path = main.m; sourceTree = "<group>"; };
		9F7A6A441A70D4C200274BF4 /* DeanFundSystem-Prefix.pch */ = {isa = PBXFileReference; lastKnownFileType = sourcecode.c.h; path = "DeanFundSystem-Prefix.pch"; sourceTree = "<group>"; };
		9F7A6A451A70D4C200274BF4 /* AppDelegate.h */ = {isa = PBXFileReference; lastKnownFileType = sourcecode.c.h; path = AppDelegate.h; sourceTree = "<group>"; };
		9F7A6A461A70D4C200274BF4 /* AppDelegate.m */ = {isa = PBXFileReference; lastKnownFileType = sourcecode.c.objc; path = AppDelegate.m; sourceTree = "<group>"; };
		9F7A6A481A70D4C200274BF4 /* Images.xcassets */ = {isa = PBXFileReference; lastKnownFileType = folder.assetcatalog; path = Images.xcassets; sourceTree = "<group>"; };
		9F7A6A4E1A70D4C200274BF4 /* DeanFundSystemTests.xctest */ = {isa = PBXFileReference; explicitFileType = wrapper.cfbundle; includeInIndex = 0; path = DeanFundSystemTests.xctest; sourceTree = BUILT_PRODUCTS_DIR; };
		9F7A6A4F1A70D4C200274BF4 /* XCTest.framework */ = {isa = PBXFileReference; lastKnownFileType = wrapper.framework; name = XCTest.framework; path = Library/Frameworks/XCTest.framework; sourceTree = DEVELOPER_DIR; };
		9F7A6A571A70D4C200274BF4 /* DeanFundSystemTests-Info.plist */ = {isa = PBXFileReference; lastKnownFileType = text.plist.xml; path = "DeanFundSystemTests-Info.plist"; sourceTree = "<group>"; };
		9F7A6A591A70D4C200274BF4 /* en */ = {isa = PBXFileReference; lastKnownFileType = text.plist.strings; name = en; path = en.lproj/InfoPlist.strings; sourceTree = "<group>"; };
		9F7A6A5B1A70D4C200274BF4 /* DeanFundSystemTests.m */ = {isa = PBXFileReference; lastKnownFileType = sourcecode.c.objc; path = DeanFundSystemTests.m; sourceTree = "<group>"; };
/* End PBXFileReference section */

/* Begin PBXFrameworksBuildPhase section */
		9F7A6A301A70D4C200274BF4 /* Frameworks */ = {
			isa = PBXFrameworksBuildPhase;
			buildActionMask = 2147483647;
			files = (
				9F7A6A391A70D4C200274BF4 /* CoreGraphics.framework in Frameworks */,
				9F7A6A3B1A70D4C200274BF4 /* UIKit.framework in Frameworks */,
				9F7A6A371A70D4C200274BF4 /* Foundation.framework in Frameworks */,
			);
			runOnlyForDeploymentPostprocessing = 0;
		};
		9F7A6A4B1A70D4C200274BF4 /* Frameworks */ = {
			isa = PBXFrameworksBuildPhase;
			buildActionMask = 2147483647;
			files = (
				9F7A6A501A70D4C200274BF4 /* XCTest.framework in Frameworks */,
				9F7A6A521A70D4C200274BF4 /* UIKit.framework in Frameworks */,
				9F7A6A511A70D4C200274BF4 /* Foundation.framework in Frameworks */,
			);
			runOnlyForDeploymentPostprocessing = 0;
		};
/* End PBXFrameworksBuildPhase section */

/* Begin PBXGroup section */
		9F7A6A2A1A70D4C200274BF4 = {
			isa = PBXGroup;
			children = (
				9F7A6A3C1A70D4C200274BF4 /* DeanFundSystem */,
				9F7A6A551A70D4C200274BF4 /* DeanFundSystemTests */,
				9F7A6A351A70D4C200274BF4 /* Frameworks */,
				9F7A6A341A70D4C200274BF4 /* Products */,
			);
			sourceTree = "<group>";
		};
		9F7A6A341A70D4C200274BF4 /* Products */ = {
			isa = PBXGroup;
			children = (
				9F7A6A331A70D4C200274BF4 /* DeanFundSystem.app */,
				9F7A6A4E1A70D4C200274BF4 /* DeanFundSystemTests.xctest */,
			);
			name = Products;
			sourceTree = "<group>";
		};
		9F7A6A351A70D4C200274BF4 /* Frameworks */ = {
			isa = PBXGroup;
			children = (
				9F7A6A361A70D4C200274BF4 /* Foundation.framework */,
				9F7A6A381A70D4C200274BF4 /* CoreGraphics.framework */,
				9F7A6A3A1A70D4C200274BF4 /* UIKit.framework */,
				9F7A6A4F1A70D4C200274BF4 /* XCTest.framework */,
			);
			name = Frameworks;
			sourceTree = "<group>";
		};
		9F7A6A3C1A70D4C200274BF4 /* DeanFundSystem */ = {
			isa = PBXGroup;
			children = (
				9F7A6A451A70D4C200274BF4 /* AppDelegate.h */,
				9F7A6A461A70D4C200274BF4 /* AppDelegate.m */,
				9F7A6A481A70D4C200274BF4 /* Images.xcassets */,
				9F7A6A3D1A70D4C200274BF4 /* Supporting Files */,
			);
			path = DeanFundSystem;
			sourceTree = "<group>";
		};
		9F7A6A3D1A70D4C200274BF4 /* Supporting Files */ = {
			isa = PBXGroup;
			children = (
				9F7A6A3E1A70D4C200274BF4 /* DeanFundSystem-Info.plist */,
				9F7A6A3F1A70D4C200274BF4 /* InfoPlist.strings */,
				9F7A6A421A70D4C200274BF4 /* main.m */,
				9F7A6A441A70D4C200274BF4 /* DeanFundSystem-Prefix.pch */,
			);
			name = "Supporting Files";
			sourceTree = "<group>";
		};
		9F7A6A551A70D4C200274BF4 /* DeanFundSystemTests */ = {
			isa = PBXGroup;
			children = (
				9F7A6A5B1A70D4C200274BF4 /* DeanFundSystemTests.m */,
				9F7A6A561A70D4C200274BF4 /* Supporting Files */,
			);
			path = DeanFundSystemTests;
			sourceTree = "<group>";
		};
		9F7A6A561A70D4C200274BF4 /* Supporting Files */ = {
			isa = PBXGroup;
			children = (
				9F7A6A571A70D4C200274BF4 /* DeanFundSystemTests-Info.plist */,
				9F7A6A581A70D4C200274BF4 /* InfoPlist.strings */,
			);
			name = "Supporting Files";
			sourceTree = "<group>";
		};
/* End PBXGroup section */

/* Begin PBXNativeTarget section */
		9F7A6A321A70D4C200274BF4 /* DeanFundSystem */ = {
			isa = PBXNativeTarget;
			buildConfigurationList = 9F7A6A5F1A70D4C200274BF4 /* Build configuration list for PBXNativeTarget "DeanFundSystem" */;
			buildPhases = (
				9F7A6A2F1A70D4C200274BF4 /* Sources */,
				9F7A6A301A70D4C200274BF4 /* Frameworks */,
				9F7A6A311A70D4C200274BF4 /* Resources */,
			);
			buildRules = (
			);
			dependencies = (
			);
			name = DeanFundSystem;
			productName = DeanFundSystem;
			productReference = 9F7A6A331A70D4C200274BF4 /* DeanFundSystem.app */;
			productType = "com.apple.product-type.application";
		};
		9F7A6A4D1A70D4C200274BF4 /* DeanFundSystemTests */ = {
			isa = PBXNativeTarget;
			buildConfigurationList = 9F7A6A621A70D4C200274BF4 /* Build configuration list for PBXNativeTarget "DeanFundSystemTests" */;
			buildPhases = (
				9F7A6A4A1A70D4C200274BF4 /* Sources */,
				9F7A6A4B1A70D4C200274BF4 /* Frameworks */,
				9F7A6A4C1A70D4C200274BF4 /* Resources */,
			);
			buildRules = (
			);
			dependencies = (
				9F7A6A541A70D4C200274BF4 /* PBXTargetDependency */,
			);
			name = DeanFundSystemTests;
			productName = DeanFundSystemTests;
			productReference = 9F7A6A4E1A70D4C200274BF4 /* DeanFundSystemTests.xctest */;
			productType = "com.apple.product-type.bundle.unit-test";
		};
/* End PBXNativeTarget section */

/* Begin PBXProject section */
		9F7A6A2B1A70D4C200274BF4 /* Project object */ = {
			isa = PBXProject;
			attributes = {
				LastUpgradeCheck = 0510;
				ORGANIZATIONNAME = teddy;
				TargetAttributes = {
					9F7A6A4D1A70D4C200274BF4 = {
						TestTargetID = 9F7A6A321A70D4C200274BF4;
					};
				};
			};
			buildConfigurationList = 9F7A6A2E1A70D4C200274BF4 /* Build configuration list for PBXProject "DeanFundSystem" */;
			compatibilityVersion = "Xcode 3.2";
			developmentRegion = English;
			hasScannedForEncodings = 0;
			knownRegions = (
				en,
			);
			mainGroup = 9F7A6A2A1A70D4C200274BF4;
			productRefGroup = 9F7A6A341A70D4C200274BF4 /* Products */;
			projectDirPath = "";
			projectRoot = "";
			targets = (
				9F7A6A321A70D4C200274BF4 /* DeanFundSystem */,
				9F7A6A4D1A70D4C200274BF4 /* DeanFundSystemTests */,
			);
		};
/* End PBXProject section */

/* Begin PBXResourcesBuildPhase section */
		9F7A6A311A70D4C200274BF4 /* Resources */ = {
			isa = PBXResourcesBuildPhase;
			buildActionMask = 2147483647;
			files = (
				9F7A6A411A70D4C200274BF4 /* InfoPlist.strings in Resources */,
				9F7A6A491A70D4C200274BF4 /* Images.xcassets in Resources */,
			);
			runOnlyForDeploymentPostprocessing = 0;
		};
		9F7A6A4C1A70D4C200274BF4 /* Resources */ = {
			isa = PBXResourcesBuildPhase;
			buildActionMask = 2147483647;
			files = (
				9F7A6A5A1A70D4C200274BF4 /* InfoPlist.strings in Resources */,
			);
			runOnlyForDeploymentPostprocessing = 0;
		};
/* End PBXResourcesBuildPhase section */

/* Begin PBXSourcesBuildPhase section */
		9F7A6A2F1A70D4C200274BF4 /* Sources */ = {
			isa = PBXSourcesBuildPhase;
			buildActionMask = 2147483647;
			files = (
				9F7A6A471A70D4C200274BF4 /* AppDelegate.m in Sources */,
				9F7A6A431A70D4C200274BF4 /* main.m in Sources */,
			);
			runOnlyForDeploymentPostprocessing = 0;
		};
		9F7A6A4A1A70D4C200274BF4 /* Sources */ = {
			isa = PBXSourcesBuildPhase;
			buildActionMask = 2147483647;
			files = (
				9F7A6A5C1A70D4C200274BF4 /* DeanFundSystemTests.m in Sources */,
			);
			runOnlyForDeploymentPostprocessing = 0;
		};
/* End PBXSourcesBuildPhase section */

/* Begin PBXTargetDependency section */
		9F7A6A541A70D4C200274BF4 /* PBXTargetDependency */ = {
			isa = PBXTargetDependency;
			target = 9F7A6A321A70D4C200274BF4 /* DeanFundSystem */;
			targetProxy = 9F7A6A531A70D4C200274BF4 /* PBXContainerItemProxy */;
		};
/* End PBXTargetDependency section */

/* Begin PBXVariantGroup section */
		9F7A6A3F1A70D4C200274BF4 /* InfoPlist.strings */ = {
			isa = PBXVariantGroup;
			children = (
				9F7A6A401A70D4C200274BF4 /* en */,
			);
			name = InfoPlist.strings;
			sourceTree = "<group>";
		};
		9F7A6A581A70D4C200274BF4 /* InfoPlist.strings */ = {
			isa = PBXVariantGroup;
			children = (
				9F7A6A591A70D4C200274BF4 /* en */,
			);
			name = InfoPlist.strings;
			sourceTree = "<group>";
		};
/* End PBXVariantGroup section */

/* Begin XCBuildConfiguration section */
		9F7A6A5D1A70D4C200274BF4 /* Debug */ = {
			isa = XCBuildConfiguration;
			buildSettings = {
				ALWAYS_SEARCH_USER_PATHS = NO;
				CLANG_CXX_LANGUAGE_STANDARD = "gnu++0x";
				CLANG_CXX_LIBRARY = "libc++";
				CLANG_ENABLE_MODULES = YES;
				CLANG_ENABLE_OBJC_ARC = YES;
				CLANG_WARN_BOOL_CONVERSION = YES;
				CLANG_WARN_CONSTANT_CONVERSION = YES;
				CLANG_WARN_DIRECT_OBJC_ISA_USAGE = YES_ERROR;
				CLANG_WARN_EMPTY_BODY = YES;
				CLANG_WARN_ENUM_CONVERSION = YES;
				CLANG_WARN_INT_CONVERSION = YES;
				CLANG_WARN_OBJC_ROOT_CLASS = YES_ERROR;
				CLANG_WARN__DUPLICATE_METHOD_MATCH = YES;
				"CODE_SIGN_IDENTITY[sdk=iphoneos*]" = "iPhone Developer";
				COPY_PHASE_STRIP = NO;
				GCC_C_LANGUAGE_STANDARD = gnu99;
				GCC_DYNAMIC_NO_PIC = NO;
				GCC_OPTIMIZATION_LEVEL = 0;
				GCC_PREPROCESSOR_DEFINITIONS = (
					"DEBUG=1",
					"$(inherited)",
				);
				GCC_SYMBOLS_PRIVATE_EXTERN = NO;
				GCC_WARN_64_TO_32_BIT_CONVERSION = YES;
				GCC_WARN_ABOUT_RETURN_TYPE = YES_ERROR;
				GCC_WARN_UNDECLARED_SELECTOR = YES;
				GCC_WARN_UNINITIALIZED_AUTOS = YES_AGGRESSIVE;
				GCC_WARN_UNUSED_FUNCTION = YES;
				GCC_WARN_UNUSED_VARIABLE = YES;
				IPHONEOS_DEPLOYMENT_TARGET = 7.1;
				ONLY_ACTIVE_ARCH = YES;
				SDKROOT = iphoneos;
			};
			name = Debug;
		};
		9F7A6A5E1A70D4C200274BF4 /* Release */ = {
			isa = XCBuildConfiguration;
			buildSettings = {
				ALWAYS_SEARCH_USER_PATHS = NO;
				CLANG_CXX_LANGUAGE_STANDARD = "gnu++0x";
				CLANG_CXX_LIBRARY = "libc++";
				CLANG_ENABLE_MODULES = YES;
				CLANG_ENABLE_OBJC_ARC = YES;
				CLANG_WARN_BOOL_CONVERSION = YES;
				CLANG_WARN_CONSTANT_CONVERSION = YES;
				CLANG_WARN_DIRECT_OBJC_ISA_USAGE = YES_ERROR;
				CLANG_WARN_EMPTY_BODY = YES;
				CLANG_WARN_ENUM_CONVERSION = YES;
				CLANG_WARN_INT_CONVERSION = YES;
				CLANG_WARN_OBJC_ROOT_CLASS = YES_ERROR;
				CLANG_WARN__DUPLICATE_METHOD_MATCH = YES;
				"CODE_SIGN_IDENTITY[sdk=iphoneos*]" = "iPhone Developer";
				COPY_PHASE_STRIP = YES;
				ENABLE_NS_ASSERTIONS = NO;
				GCC_C_LANGUAGE_STANDARD = gnu99;
				GCC_WARN_64_TO_32_BIT_CONVERSION = YES;
				GCC_WARN_ABOUT_RETURN_TYPE = YES_ERROR;
				GCC_WARN_UNDECLARED_SELECTOR = YES;
				GCC_WARN_UNINITIALIZED_AUTOS = YES_AGGRESSIVE;
				GCC_WARN_UNUSED_FUNCTION = YES;
				GCC_WARN_UNUSED_VARIABLE = YES;
				IPHONEOS_DEPLOYMENT_TARGET = 7.1;
				SDKROOT = iphoneos;
				VALIDATE_PRODUCT = YES;
			};
			name = Release;
		};
		9F7A6A601A70D4C200274BF4 /* Debug */ = {
			isa = XCBuildConfiguration;
			buildSettings = {
				ASSETCATALOG_COMPILER_APPICON_NAME = AppIcon;
				ASSETCATALOG_COMPILER_LAUNCHIMAGE_NAME = LaunchImage;
				GCC_PRECOMPILE_PREFIX_HEADER = YES;
				GCC_PREFIX_HEADER = "DeanFundSystem/DeanFundSystem-Prefix.pch";
				INFOPLIST_FILE = "DeanFundSystem/DeanFundSystem-Info.plist";
				PRODUCT_NAME = "$(TARGET_NAME)";
				WRAPPER_EXTENSION = app;
			};
			name = Debug;
		};
		9F7A6A611A70D4C200274BF4 /* Release */ = {
			isa = XCBuildConfiguration;
			buildSettings = {
				ASSETCATALOG_COMPILER_APPICON_NAME = AppIcon;
				ASSETCATALOG_COMPILER_LAUNCHIMAGE_NAME = LaunchImage;
				GCC_PRECOMPILE_PREFIX_HEADER = YES;
				GCC_PREFIX_HEADER = "DeanFundSystem/DeanFundSystem-Prefix.pch";
				INFOPLIST_FILE = "DeanFundSystem/DeanFundSystem-Info.plist";
				PRODUCT_NAME = "$(TARGET_NAME)";
				WRAPPER_EXTENSION = app;
			};
			name = Release;
		};
		9F7A6A631A70D4C200274BF4 /* Debug */ = {
			isa = XCBuildConfiguration;
			buildSettings = {
				BUNDLE_LOADER = "$(BUILT_PRODUCTS_DIR)/DeanFundSystem.app/DeanFundSystem";
				FRAMEWORK_SEARCH_PATHS = (
					"$(SDKROOT)/Developer/Library/Frameworks",
					"$(inherited)",
					"$(DEVELOPER_FRAMEWORKS_DIR)",
				);
				GCC_PRECOMPILE_PREFIX_HEADER = YES;
				GCC_PREFIX_HEADER = "DeanFundSystem/DeanFundSystem-Prefix.pch";
				GCC_PREPROCESSOR_DEFINITIONS = (
					"DEBUG=1",
					"$(inherited)",
				);
				INFOPLIST_FILE = "DeanFundSystemTests/DeanFundSystemTests-Info.plist";
				PRODUCT_NAME = "$(TARGET_NAME)";
				TEST_HOST = "$(BUNDLE_LOADER)";
				WRAPPER_EXTENSION = xctest;
			};
			name = Debug;
		};
		9F7A6A641A70D4C200274BF4 /* Release */ = {
			isa = XCBuildConfiguration;
			buildSettings = {
				BUNDLE_LOADER = "$(BUILT_PRODUCTS_DIR)/DeanFundSystem.app/DeanFundSystem";
				FRAMEWORK_SEARCH_PATHS = (
					"$(SDKROOT)/Developer/Library/Frameworks",
					"$(inherited)",
					"$(DEVELOPER_FRAMEWORKS_DIR)",
				);
				GCC_PRECOMPILE_PREFIX_HEADER = YES;
				GCC_PREFIX_HEADER = "DeanFundSystem/DeanFundSystem-Prefix.pch";
				INFOPLIST_FILE = "DeanFundSystemTests/DeanFundSystemTests-Info.plist";
				PRODUCT_NAME = "$(TARGET_NAME)";
				TEST_HOST = "$(BUNDLE_LOADER)";
				WRAPPER_EXTENSION = xctest;
			};
			name = Release;
		};
/* End XCBuildConfiguration section */

/* Begin XCConfigurationList section */
		9F7A6A2E1A70D4C200274BF4 /* Build configuration list for PBXProject "DeanFundSystem" */ = {
			isa = XCConfigurationList;
			buildConfigurations = (
				9F7A6A5D1A70D4C200274BF4 /* Debug */,
				9F7A6A5E1A70D4C200274BF4 /* Release */,
			);
			defaultConfigurationIsVisible = 0;
			defaultConfigurationName = Release;
		};
		9F7A6A5F1A70D4C200274BF4 /* Build configuration list for PBXNativeTarget "DeanFundSystem" */ = {
			isa = XCConfigurationList;
			buildConfigurations = (
				9F7A6A601A70D4C200274BF4 /* Debug */,
				9F7A6A611A70D4C200274BF4 /* Release */,
			);
			defaultConfigurationIsVisible = 0;
		};
		9F7A6A621A70D4C200274BF4 /* Build configuration list for PBXNativeTarget "DeanFundSystemTests" */ = {
			isa = XCConfigurationList;
			buildConfigurations = (
				9F7A6A631A70D4C200274BF4 /* Debug */,
				9F7A6A641A70D4C200274BF4 /* Release */,
			);
			defaultConfigurationIsVisible = 0;
		};
/* End XCConfigurationList section */
	};
	rootObject = 9F7A6A2B1A70D4C200274BF4 /* Project object */;
}
